
Microsoft Visual Studio Solution File, Format Version 12.00
# Visual Studio Version 16
VisualStudioVersion = 16.0.29215.179
MinimumVisualStudioVersion = 10.0.40219.1
Project("{FAE04EC0-301F-11D3-BF4B-00C04F79EFBC}") = "Tasks", "Tasks\Tasks.csproj", "{940512C4-89B7-4DEB-97C4-31F49CE5AB38}"
EndProject
Global
	GlobalSection(SolutionConfigurationPlatforms) = preSolution
		Debug|Any CPU = Debug|Any CPU
		Release|Any CPU = Release|Any CPU
	EndGlobalSection
	GlobalSection(ProjectConfigurationPlatforms) = postSolution
		{940512C4-89B7-4DEB-97C4-31F49CE5AB38}.Debug|Any CPU.ActiveCfg = Debug|Any CPU
		{940512C4-89B7-4DEB-97C4-31F49CE5AB38}.Debug|Any CPU.Build.0 = Debug|Any CPU
		{940512C4-89B7-4DEB-97C4-31F49CE5AB38}.Release|Any CPU.ActiveCfg = Release|Any CPU
		{940512C4-89B7-4DEB-97C4-31F49CE5AB38}.Release|Any CPU.Build.0 = Release|Any CPU
	EndGlobalSection
	GlobalSection(SolutionProperties) = preSolution
		HideSolutionNode = FALSE
	EndGlobalSection
	GlobalSection(ExtensibilityGlobals) = postSolution
		SolutionGuid = {04848A5B-461B-4AA2-9544-09F694AD0629}
	EndGlobalSection
EndGlobal
